
Microsoft Visual Studio Solution File, Format Version 12.00
# Visual Studio 15
VisualStudioVersion = 15.0.27130.2024
MinimumVisualStudioVersion = 10.0.40219.1
Project("{FAE04EC0-301F-11D3-BF4B-00C04F79EFBC}") = "Auction-Service", "Auction-Service\Auction-Service.csproj", "{9FAF3C21-CFAC-4F21-935A-DB34F96C3EA1}"
EndProject
Project("{FAE04EC0-301F-11D3-BF4B-00C04F79EFBC}") = "BLL", "BLL\BLL.csproj", "{A90C0BA5-302A-47BE-B392-4654BC773E9B}"
EndProject
Project("{FAE04EC0-301F-11D3-BF4B-00C04F79EFBC}") = "DAL", "DAL\DAL.csproj", "{3D10533E-A721-45EF-9AF9-6E12F25B93D6}"
EndProject
Global
	GlobalSection(SolutionConfigurationPlatforms) = preSolution
		Debug|Any CPU = Debug|Any CPU
		Release|Any CPU = Release|Any CPU
	EndGlobalSection
	GlobalSection(ProjectConfigurationPlatforms) = postSolution
		{9FAF3C21-CFAC-4F21-935A-DB34F96C3EA1}.Debug|Any CPU.ActiveCfg = Debug|Any CPU
		{9FAF3C21-CFAC-4F21-935A-DB34F96C3EA1}.Debug|Any CPU.Build.0 = Debug|Any CPU
		{9FAF3C21-CFAC-4F21-935A-DB34F96C3EA1}.Release|Any CPU.ActiveCfg = Release|Any CPU
		{9FAF3C21-CFAC-4F21-935A-DB34F96C3EA1}.Release|Any CPU.Build.0 = Release|Any CPU
		{A90C0BA5-302A-47BE-B392-4654BC773E9B}.Debug|Any CPU.ActiveCfg = Debug|Any CPU
		{A90C0BA5-302A-47BE-B392-4654BC773E9B}.Debug|Any CPU.Build.0 = Debug|Any CPU
		{A90C0BA5-302A-47BE-B392-4654BC773E9B}.Release|Any CPU.ActiveCfg = Release|Any CPU
		{A90C0BA5-302A-47BE-B392-4654BC773E9B}.Release|Any CPU.Build.0 = Release|Any CPU
		{3D10533E-A721-45EF-9AF9-6E12F25B93D6}.Debug|Any CPU.ActiveCfg = Debug|Any CPU
		{3D10533E-A721-45EF-9AF9-6E12F25B93D6}.Debug|Any CPU.Build.0 = Debug|Any CPU
		{3D10533E-A721-45EF-9AF9-6E12F25B93D6}.Release|Any CPU.ActiveCfg = Release|Any CPU
		{3D10533E-A721-45EF-9AF9-6E12F25B93D6}.Release|Any CPU.Build.0 = Release|Any CPU
	EndGlobalSection
	GlobalSection(SolutionProperties) = preSolution
		HideSolutionNode = FALSE
	EndGlobalSection
	GlobalSection(ExtensibilityGlobals) = postSolution
		SolutionGuid = {8C157285-6BD5-4ECC-A073-BC73A39F09EA}
	EndGlobalSection
EndGlobal
